# THIS IS AN AUTOGENERATED FILE. DO NOT EDIT THIS FILE DIRECTLY.
# yarn lockfile v1


better-js-class@*:
  version "0.1.3"
  resolved "https://registry.yarnpkg.com/better-js-class/-/better-js-class-0.1.3.tgz#758dd17462b3719e1cfa00cc647a0cf994ba6f94"

bignumber.js@1.0.1:
  version "1.0.1"
  resolved "https://registry.yarnpkg.com/bignumber.js/-/bignumber.js-1.0.1.tgz#0e953896823b783d48ea921884d3fd90b89bdcb1"

bignumber.js@3.1.2:
  version "3.1.2"
  resolved "https://registry.yarnpkg.com/bignumber.js/-/bignumber.js-3.1.2.tgz#f3bdb99ad5268a15fc1f0bed2fb018e2693fe236"

core-util-is@~1.0.0:
  version "1.0.2"
  resolved "https://registry.yarnpkg.com/core-util-is/-/core-util-is-1.0.2.tgz#b5fd54220aa2bc5ab57aab7140c940754503c1a7"

cps@*:
  version "1.0.2"
  resolved "https://registry.yarnpkg.com/cps/-/cps-1.0.2.tgz#2cd0b25d80f10909637e0856ad9ba634ce04ff1d"

enforce@0.1.5:
  version "0.1.5"
  resolved "https://registry.yarnpkg.com/enforce/-/enforce-0.1.5.tgz#cec4fc4126e58e5a9195aca9fd8fa3a01a5b8e51"

hat@0.0.3:
  version "0.0.3"
  resolved "https://registry.yarnpkg.com/hat/-/hat-0.0.3.tgz#bb014a9e64b3788aed8005917413d4ff3d502d8a"

inherits@~2.0.1:
  version "2.0.3"
  resolved "https://registry.yarnpkg.com/inherits/-/inherits-2.0.3.tgz#633c2c83e3da42a502f52466022480f4208261de"

isarray@0.0.1:
  version "0.0.1"
  resolved "https://registry.yarnpkg.com/isarray/-/isarray-0.0.1.tgz#8a18acfca9a8f4177e09abfc6038939b05d1eedf"

lodash@2.4.1:
  version "2.4.1"
  resolved "https://registry.yarnpkg.com/lodash/-/lodash-2.4.1.tgz#5b7723034dda4d262e5a46fb2c58d7cc22f71420"

mysql@*:
  version "2.13.0"
  resolved "https://registry.yarnpkg.com/mysql/-/mysql-2.13.0.tgz#998f1f8ca46e2e3dd7149ce982413653986aae47"
  dependencies:
    bignumber.js "3.1.2"
    readable-stream "1.1.14"
    sqlstring "2.2.0"

mysql@2.0.0-alpha8:
  version "2.0.0-alpha8"
  resolved "https://registry.yarnpkg.com/mysql/-/mysql-2.0.0-alpha8.tgz#9a8854576e8460b51b453d612cbe2f20a173302f"
  dependencies:
    bignumber.js "1.0.1"
    require-all "0.0.3"

node-mysql@0.4.1:
  version "0.4.1"
  resolved "https://registry.yarnpkg.com/node-mysql/-/node-mysql-0.4.1.tgz#4e28b868eaa918841c862cd1c7c79baa6467edfd"
  dependencies:
    better-js-class "*"
    cps "*"
    mysql "*"
    underscore "*"

nodemailer@:
  version "6.6.0"
  resolved "https://registry.yarnpkg.com/nodemailer/-/nodemailer-6.6.0.tgz#ed47bb572b48d9d0dca3913fdc156203f438f427"

orm@2.1.20:
  version "2.1.20"
  resolved "https://registry.yarnpkg.com/orm/-/orm-2.1.20.tgz#7ed188751008a2c093df7d7b772cdbbda2427b8b"
  dependencies:
    enforce "0.1.5"
    hat "0.0.3"
    lodash "2.4.1"
    sql-ddl-sync "git+https://github.com/dresende/node-sql-ddl-sync.git#v0.3.10"
    sql-query "git+https://github.com/dresende/node-sql-query.git#v0.1.23"

readable-stream@1.1.14:
  version "1.1.14"
  resolved "https://registry.yarnpkg.com/readable-stream/-/readable-stream-1.1.14.tgz#7cf4c54ef648e3813084c636dd2079e166c081d9"
  dependencies:
    core-util-is "~1.0.0"
    inherits "~2.0.1"
    isarray "0.0.1"
    string_decoder "~0.10.x"

require-all@0.0.3:
  version "0.0.3"
  resolved "https://registry.yarnpkg.com/require-all/-/require-all-0.0.3.tgz#051e192246c00d399bfe6164bc4e810bc588e01a"

"sql-ddl-sync@git+https://github.com/dresende/node-sql-ddl-sync.git#v0.3.10":
  version "0.3.10"
  resolved "git+https://github.com/dresende/node-sql-ddl-sync.git#f879dd8103a0e961aa3be5cff3410a3e66243d72"
  dependencies:
    lodash "2.4.1"

"sql-query@git+https://github.com/dresende/node-sql-query.git#v0.1.23":
  version "0.1.23"
  resolved "git+https://github.com/dresende/node-sql-query.git#117ced2ea09d8829d896c2640d8be68e500fbe16"

sqlstring@2.2.0:
  version "2.2.0"
  resolved "https://registry.yarnpkg.com/sqlstring/-/sqlstring-2.2.0.tgz#c3135c4ea8abcd7e7ee741a4966a891d86a4f191"

string_decoder@~0.10.x:
  version "0.10.31"
  resolved "https://registry.yarnpkg.com/string_decoder/-/string_decoder-0.10.31.tgz#62e203bc41766c6c28c9fc84301dab1c5310fa94"

underscore@*:
  version "1.8.3"
  resolved "https://registry.yarnpkg.com/underscore/-/underscore-1.8.3.tgz#4f3fb53b106e6097fcf9cb4109f2a5e9bdfa5022"
