# THIS IS AN AUTOGENERATED FILE. DO NOT EDIT THIS FILE DIRECTLY.
# yarn lockfile v1


better-js-class@*:
  version "0.1.3"
  resolved "https://registry.yarnpkg.com/better-js-class/-/better-js-class-0.1.3.tgz#758dd17462b3719e1cfa00cc647a0cf994ba6f94"

bignumber.js@4.0.2:
  version "4.0.2"
  resolved "https://registry.yarnpkg.com/bignumber.js/-/bignumber.js-4.0.2.tgz#2d1dc37ee5968867ecea90b6da4d16e68608d21d"

core-util-is@~1.0.0:
  version "1.0.2"
  resolved "https://registry.yarnpkg.com/core-util-is/-/core-util-is-1.0.2.tgz#b5fd54220aa2bc5ab57aab7140c940754503c1a7"

cps@*:
  version "1.0.2"
  resolved "https://registry.yarnpkg.com/cps/-/cps-1.0.2.tgz#2cd0b25d80f10909637e0856ad9ba634ce04ff1d"

enforce@0.1.5:
  version "0.1.5"
  resolved "https://registry.yarnpkg.com/enforce/-/enforce-0.1.5.tgz#cec4fc4126e58e5a9195aca9fd8fa3a01a5b8e51"

hat@0.0.3:
  version "0.0.3"
  resolved "https://registry.yarnpkg.com/hat/-/hat-0.0.3.tgz#bb014a9e64b3788aed8005917413d4ff3d502d8a"

inherits@~2.0.3:
  version "2.0.4"
  resolved "https://registry.yarnpkg.com/inherits/-/inherits-2.0.4.tgz#0fa2c64f932917c3433a0ded55363aae37416b7c"

isarray@~1.0.0:
  version "1.0.0"
  resolved "https://registry.yarnpkg.com/isarray/-/isarray-1.0.0.tgz#bb935d48582cba168c06834957a54a3e07124f11"

lodash@2.4.1:
  version "2.4.1"
  resolved "https://registry.yarnpkg.com/lodash/-/lodash-2.4.1.tgz#5b7723034dda4d262e5a46fb2c58d7cc22f71420"

mysql@*, mysql@2.14.0:
  version "2.14.0"
  resolved "https://registry.yarnpkg.com/mysql/-/mysql-2.14.0.tgz#325cc1156e8246e572118774bbf406eaa9189ffd"
  dependencies:
    bignumber.js "4.0.2"
    readable-stream "2.3.3"
    safe-buffer "5.1.1"
    sqlstring "2.2.0"

node-mysql@0.4.1:
  version "0.4.1"
  resolved "https://registry.yarnpkg.com/node-mysql/-/node-mysql-0.4.1.tgz#4e28b868eaa918841c862cd1c7c79baa6467edfd"
  dependencies:
    better-js-class "*"
    cps "*"
    mysql "*"
    underscore "*"

nodemailer@:
  version "3.1.4"
  resolved "https://registry.yarnpkg.com/nodemailer/-/nodemailer-3.1.4.tgz#0c969a7fb7990a1b1c92a9d9f5b0b84c41e4c1f8"

orm@2.1.20:
  version "2.1.20"
  resolved "https://registry.yarnpkg.com/orm/-/orm-2.1.20.tgz#7ed188751008a2c093df7d7b772cdbbda2427b8b"
  dependencies:
    enforce "0.1.5"
    hat "0.0.3"
    lodash "2.4.1"
    sql-ddl-sync "git+https://github.com/dresende/node-sql-ddl-sync.git#v0.3.10"
    sql-query "git+https://github.com/dresende/node-sql-query.git#v0.1.23"

process-nextick-args@~1.0.6:
  version "1.0.7"
  resolved "https://registry.yarnpkg.com/process-nextick-args/-/process-nextick-args-1.0.7.tgz#150e20b756590ad3f91093f25a4f2ad8bff30ba3"

readable-stream@2.3.3:
  version "2.3.3"
  resolved "https://registry.yarnpkg.com/readable-stream/-/readable-stream-2.3.3.tgz#368f2512d79f9d46fdfc71349ae7878bbc1eb95c"
  dependencies:
    core-util-is "~1.0.0"
    inherits "~2.0.3"
    isarray "~1.0.0"
    process-nextick-args "~1.0.6"
    safe-buffer "~5.1.1"
    string_decoder "~1.0.3"
    util-deprecate "~1.0.1"

safe-buffer@5.1.1:
  version "5.1.1"
  resolved "https://registry.yarnpkg.com/safe-buffer/-/safe-buffer-5.1.1.tgz#893312af69b2123def71f57889001671eeb2c853"

safe-buffer@~5.1.0, safe-buffer@~5.1.1:
  version "5.1.2"
  resolved "https://registry.yarnpkg.com/safe-buffer/-/safe-buffer-5.1.2.tgz#991ec69d296e0313747d59bdfd2b745c35f8828d"

"sql-ddl-sync@git+https://github.com/dresende/node-sql-ddl-sync.git#v0.3.10":
  version "0.3.10"
  resolved "git+https://github.com/dresende/node-sql-ddl-sync.git#f879dd8103a0e961aa3be5cff3410a3e66243d72"
  dependencies:
    lodash "2.4.1"

"sql-query@git+https://github.com/dresende/node-sql-query.git#v0.1.23":
  version "0.1.23"
  resolved "git+https://github.com/dresende/node-sql-query.git#117ced2ea09d8829d896c2640d8be68e500fbe16"

sqlstring@2.2.0:
  version "2.2.0"
  resolved "https://registry.yarnpkg.com/sqlstring/-/sqlstring-2.2.0.tgz#c3135c4ea8abcd7e7ee741a4966a891d86a4f191"

string_decoder@~1.0.3:
  version "1.0.3"
  resolved "https://registry.yarnpkg.com/string_decoder/-/string_decoder-1.0.3.tgz#0fc67d7c141825de94282dd536bec6b9bce860ab"
  dependencies:
    safe-buffer "~5.1.0"

underscore@*:
  version "1.8.3"
  resolved "https://registry.yarnpkg.com/underscore/-/underscore-1.8.3.tgz#4f3fb53b106e6097fcf9cb4109f2a5e9bdfa5022"

util-deprecate@~1.0.1:
  version "1.0.2"
  resolved "https://registry.yarnpkg.com/util-deprecate/-/util-deprecate-1.0.2.tgz#450d4dc9fa70de732762fbd2d4a28981419a0ccf"
